
Microsoft Visual Studio Solution File, Format Version 12.00
Project("{FAE04EC0-301F-11D3-BF4B-00C04F79EFBC}") = "Clausewitz.Dsl", "Clausewitz.Dsl\Clausewitz.Dsl.csproj", "{DB694CDA-D3E0-4BFB-BC33-898FF0E4BB2A}"
EndProject
Project("{FAE04EC0-301F-11D3-BF4B-00C04F79EFBC}") = "Clausewitz.Dsl.Tests", "Clausewitz.Dsl.Tests\Clausewitz.Dsl.Tests.csproj", "{DA458E32-DCD5-4A38-A0A1-FCAC6F7F0C4A}"
EndProject
Global
	GlobalSection(SolutionConfigurationPlatforms) = preSolution
		Debug|Any CPU = Debug|Any CPU
		Release|Any CPU = Release|Any CPU
	EndGlobalSection
	GlobalSection(ProjectConfigurationPlatforms) = postSolution
		{DB694CDA-D3E0-4BFB-BC33-898FF0E4BB2A}.Debug|Any CPU.ActiveCfg = Debug|Any CPU
		{DB694CDA-D3E0-4BFB-BC33-898FF0E4BB2A}.Debug|Any CPU.Build.0 = Debug|Any CPU
		{DB694CDA-D3E0-4BFB-BC33-898FF0E4BB2A}.Release|Any CPU.ActiveCfg = Release|Any CPU
		{DB694CDA-D3E0-4BFB-BC33-898FF0E4BB2A}.Release|Any CPU.Build.0 = Release|Any CPU
		{DA458E32-DCD5-4A38-A0A1-FCAC6F7F0C4A}.Debug|Any CPU.ActiveCfg = Debug|Any CPU
		{DA458E32-DCD5-4A38-A0A1-FCAC6F7F0C4A}.Debug|Any CPU.Build.0 = Debug|Any CPU
		{DA458E32-DCD5-4A38-A0A1-FCAC6F7F0C4A}.Release|Any CPU.ActiveCfg = Release|Any CPU
		{DA458E32-DCD5-4A38-A0A1-FCAC6F7F0C4A}.Release|Any CPU.Build.0 = Release|Any CPU
	EndGlobalSection
EndGlobal
